
Microsoft Visual Studio Solution File, Format Version 12.00
# Visual Studio Version 17
VisualStudioVersion = 17.14.36109.1
MinimumVisualStudioVersion = 10.0.40219.1
Project("{FAE04EC0-301F-11D3-BF4B-00C04F79EFBC}") = "CityInfo.Application", "CityInfo.Application\CityInfo.Application.csproj", "{4711948A-75A3-4E61-9A69-32A40C78F292}"
EndProject
Project("{FAE04EC0-301F-11D3-BF4B-00C04F79EFBC}") = "CityInfo.Domain", "CityInfo.Domain\CityInfo.Domain.csproj", "{FB01C4C7-E60A-4584-B1B1-C4BB28B46988}"
EndProject
Project("{FAE04EC0-301F-11D3-BF4B-00C04F79EFBC}") = "CityInfo.Infrastructure", "CityInfo.Infrastructure\CityInfo.Infrastructure.csproj", "{D73D4B9F-A715-4A9F-BE7F-256F73BE5196}"
EndProject
Project("{FAE04EC0-301F-11D3-BF4B-00C04F79EFBC}") = "CityInfo.APIs", "CityInfo.APIs\CityInfo.APIs.csproj", "{369966A3-CD4F-DD70-AEC1-C1415BC01BE8}"
EndProject
Global
	GlobalSection(SolutionConfigurationPlatforms) = preSolution
		Debug|Any CPU = Debug|Any CPU
		Release|Any CPU = Release|Any CPU
	EndGlobalSection
	GlobalSection(ProjectConfigurationPlatforms) = postSolution
		{4711948A-75A3-4E61-9A69-32A40C78F292}.Debug|Any CPU.ActiveCfg = Debug|Any CPU
		{4711948A-75A3-4E61-9A69-32A40C78F292}.Debug|Any CPU.Build.0 = Debug|Any CPU
		{4711948A-75A3-4E61-9A69-32A40C78F292}.Release|Any CPU.ActiveCfg = Release|Any CPU
		{4711948A-75A3-4E61-9A69-32A40C78F292}.Release|Any CPU.Build.0 = Release|Any CPU
		{FB01C4C7-E60A-4584-B1B1-C4BB28B46988}.Debug|Any CPU.ActiveCfg = Debug|Any CPU
		{FB01C4C7-E60A-4584-B1B1-C4BB28B46988}.Debug|Any CPU.Build.0 = Debug|Any CPU
		{FB01C4C7-E60A-4584-B1B1-C4BB28B46988}.Release|Any CPU.ActiveCfg = Release|Any CPU
		{FB01C4C7-E60A-4584-B1B1-C4BB28B46988}.Release|Any CPU.Build.0 = Release|Any CPU
		{D73D4B9F-A715-4A9F-BE7F-256F73BE5196}.Debug|Any CPU.ActiveCfg = Debug|Any CPU
		{D73D4B9F-A715-4A9F-BE7F-256F73BE5196}.Debug|Any CPU.Build.0 = Debug|Any CPU
		{D73D4B9F-A715-4A9F-BE7F-256F73BE5196}.Release|Any CPU.ActiveCfg = Release|Any CPU
		{D73D4B9F-A715-4A9F-BE7F-256F73BE5196}.Release|Any CPU.Build.0 = Release|Any CPU
		{369966A3-CD4F-DD70-AEC1-C1415BC01BE8}.Debug|Any CPU.ActiveCfg = Debug|Any CPU
		{369966A3-CD4F-DD70-AEC1-C1415BC01BE8}.Debug|Any CPU.Build.0 = Debug|Any CPU
		{369966A3-CD4F-DD70-AEC1-C1415BC01BE8}.Release|Any CPU.ActiveCfg = Release|Any CPU
		{369966A3-CD4F-DD70-AEC1-C1415BC01BE8}.Release|Any CPU.Build.0 = Release|Any CPU
	EndGlobalSection
	GlobalSection(SolutionProperties) = preSolution
		HideSolutionNode = FALSE
	EndGlobalSection
	GlobalSection(ExtensibilityGlobals) = postSolution
		SolutionGuid = {7549B50A-2804-40B1-B88A-0DA6C8BCE0A6}
	EndGlobalSection
EndGlobal
